// !$*UTF8*$!
{
	archiveVersion = 1;
	classes = {
	};
	objectVersion = 50;
	objects = {

/* Begin PBXBuildFile section */
		FCBF2FCB219A6DA000A7E6EA /* AppDelegate.swift in Sources */ = {isa = PBXBuildFile; fileRef = FCBF2FCA219A6DA000A7E6EA /* AppDelegate.swift */; };
		FCBF2FCD219A6DA000A7E6EA /* ViewController.swift in Sources */ = {isa = PBXBuildFile; fileRef = FCBF2FCC219A6DA000A7E6EA /* ViewController.swift */; };
		FCBF2FD0219A6DA000A7E6EA /* Main.storyboard in Resources */ = {isa = PBXBuildFile; fileRef = FCBF2FCE219A6DA000A7E6EA /* Main.storyboard */; };
		FCBF2FD3219A6DA000A7E6EA /* TestGitHubSwiftV1.xcdatamodeld in Sources */ = {isa = PBXBuildFile; fileRef = FCBF2FD1219A6DA000A7E6EA /* TestGitHubSwiftV1.xcdatamodeld */; };
		FCBF2FD5219A6DA200A7E6EA /* Assets.xcassets in Resources */ = {isa = PBXBuildFile; fileRef = FCBF2FD4219A6DA200A7E6EA /* Assets.xcassets */; };
		FCBF2FD8219A6DA200A7E6EA /* LaunchScreen.storyboard in Resources */ = {isa = PBXBuildFile; fileRef = FCBF2FD6219A6DA200A7E6EA /* LaunchScreen.storyboard */; };
/* End PBXBuildFile section */

/* Begin PBXFileReference section */
		FCBF2FC7219A6DA000A7E6EA /* TestGitHubSwiftV1.app */ = {isa = PBXFileReference; explicitFileType = wrapper.application; includeInIndex = 0; path = TestGitHubSwiftV1.app; sourceTree = BUILT_PRODUCTS_DIR; };
		FCBF2FCA219A6DA000A7E6EA /* AppDelegate.swift */ = {isa = PBXFileReference; lastKnownFileType = sourcecode.swift; path = AppDelegate.swift; sourceTree = "<group>"; };
		FCBF2FCC219A6DA000A7E6EA /* ViewController.swift */ = {isa = PBXFileReference; lastKnownFileType = sourcecode.swift; path = ViewController.swift; sourceTree = "<group>"; };
		FCBF2FCF219A6DA000A7E6EA /* Base */ = {isa = PBXFileReference; lastKnownFileType = file.storyboard; name = Base; path = Base.lproj/Main.storyboard; sourceTree = "<group>"; };
		FCBF2FD2219A6DA000A7E6EA /* TestGitHubSwiftV1.xcdatamodel */ = {isa = PBXFileReference; lastKnownFileType = wrapper.xcdatamodel; path = TestGitHubSwiftV1.xcdatamodel; sourceTree = "<group>"; };
		FCBF2FD4219A6DA200A7E6EA /* Assets.xcassets */ = {isa = PBXFileReference; lastKnownFileType = folder.assetcatalog; path = Assets.xcassets; sourceTree = "<group>"; };
		FCBF2FD7219A6DA200A7E6EA /* Base */ = {isa = PBXFileReference; lastKnownFileType = file.storyboard; name = Base; path = Base.lproj/LaunchScreen.storyboard; sourceTree = "<group>"; };
		FCBF2FD9219A6DA200A7E6EA /* Info.plist */ = {isa = PBXFileReference; lastKnownFileType = text.plist.xml; path = Info.plist; sourceTree = "<group>"; };
/* End PBXFileReference section */

/* Begin PBXFrameworksBuildPhase section */
		FCBF2FC4219A6DA000A7E6EA /* Frameworks */ = {
			isa = PBXFrameworksBuildPhase;
			buildActionMask = 2147483647;
			files = (
			);
			runOnlyForDeploymentPostprocessing = 0;
		};
/* End PBXFrameworksBuildPhase section */

/* Begin PBXGroup section */
		FCBF2FBE219A6DA000A7E6EA = {
			isa = PBXGroup;
			children = (
				FCBF2FC9219A6DA000A7E6EA /* TestGitHubSwiftV1 */,
				FCBF2FC8219A6DA000A7E6EA /* Products */,
			);
			sourceTree = "<group>";
		};
		FCBF2FC8219A6DA000A7E6EA /* Products */ = {
			isa = PBXGroup;
			children = (
				FCBF2FC7219A6DA000A7E6EA /* TestGitHubSwiftV1.app */,
			);
			name = Products;
			sourceTree = "<group>";
		};
		FCBF2FC9219A6DA000A7E6EA /* TestGitHubSwiftV1 */ = {
			isa = PBXGroup;
			children = (
				FCBF2FCA219A6DA000A7E6EA /* AppDelegate.swift */,
				FCBF2FCC219A6DA000A7E6EA /* ViewController.swift */,
				FCBF2FCE219A6DA000A7E6EA /* Main.storyboard */,
				FCBF2FD4219A6DA200A7E6EA /* Assets.xcassets */,
				FCBF2FD6219A6DA200A7E6EA /* LaunchScreen.storyboard */,
				FCBF2FD9219A6DA200A7E6EA /* Info.plist */,
				FCBF2FD1219A6DA000A7E6EA /* TestGitHubSwiftV1.xcdatamodeld */,
			);
			path = TestGitHubSwiftV1;
			sourceTree = "<group>";
		};
/* End PBXGroup section */

/* Begin PBXNativeTarget section */
		FCBF2FC6219A6DA000A7E6EA /* TestGitHubSwiftV1 */ = {
			isa = PBXNativeTarget;
			buildConfigurationList = FCBF2FDC219A6DA200A7E6EA /* Build configuration list for PBXNativeTarget "TestGitHubSwiftV1" */;
			buildPhases = (
				FCBF2FC3219A6DA000A7E6EA /* Sources */,
				FCBF2FC4219A6DA000A7E6EA /* Frameworks */,
				FCBF2FC5219A6DA000A7E6EA /* Resources */,
			);
			buildRules = (
			);
			dependencies = (
			);
			name = TestGitHubSwiftV1;
			productName = TestGitHubSwiftV1;
			productReference = FCBF2FC7219A6DA000A7E6EA /* TestGitHubSwiftV1.app */;
			productType = "com.apple.product-type.application";
		};
/* End PBXNativeTarget section */

/* Begin PBXProject section */
		FCBF2FBF219A6DA000A7E6EA /* Project object */ = {
			isa = PBXProject;
			attributes = {
				LastSwiftUpdateCheck = 1010;
				LastUpgradeCheck = 1010;
				ORGANIZATIONNAME = "Jon Moody";
				TargetAttributes = {
					FCBF2FC6219A6DA000A7E6EA = {
						CreatedOnToolsVersion = 10.1;
					};
				};
			};
			buildConfigurationList = FCBF2FC2219A6DA000A7E6EA /* Build configuration list for PBXProject "TestGitHubSwiftV1" */;
			compatibilityVersion = "Xcode 9.3";
			developmentRegion = en;
			hasScannedForEncodings = 0;
			knownRegions = (
				en,
				Base,
			);
			mainGroup = FCBF2FBE219A6DA000A7E6EA;
			productRefGroup = FCBF2FC8219A6DA000A7E6EA /* Products */;
			projectDirPath = "";
			projectRoot = "";
			targets = (
				FCBF2FC6219A6DA000A7E6EA /* TestGitHubSwiftV1 */,
			);
		};
/* End PBXProject section */

/* Begin PBXResourcesBuildPhase section */
		FCBF2FC5219A6DA000A7E6EA /* Resources */ = {
			isa = PBXResourcesBuildPhase;
			buildActionMask = 2147483647;
			files = (
				FCBF2FD8219A6DA200A7E6EA /* LaunchScreen.storyboard in Resources */,
				FCBF2FD5219A6DA200A7E6EA /* Assets.xcassets in Resources */,
				FCBF2FD0219A6DA000A7E6EA /* Main.storyboard in Resources */,
			);
			runOnlyForDeploymentPostprocessing = 0;
		};
/* End PBXResourcesBuildPhase section */

/* Begin PBXSourcesBuildPhase section */
		FCBF2FC3219A6DA000A7E6EA /* Sources */ = {
			isa = PBXSourcesBuildPhase;
			buildActionMask = 2147483647;
			files = (
				FCBF2FCD219A6DA000A7E6EA /* ViewController.swift in Sources */,
				FCBF2FCB219A6DA000A7E6EA /* AppDelegate.swift in Sources */,
				FCBF2FD3219A6DA000A7E6EA /* TestGitHubSwiftV1.xcdatamodeld in Sources */,
			);
			runOnlyForDeploymentPostprocessing = 0;
		};
/* End PBXSourcesBuildPhase section */

/* Begin PBXVariantGroup section */
		FCBF2FCE219A6DA000A7E6EA /* Main.storyboard */ = {
			isa = PBXVariantGroup;
			children = (
				FCBF2FCF219A6DA000A7E6EA /* Base */,
			);
			name = Main.storyboard;
			sourceTree = "<group>";
		};
		FCBF2FD6219A6DA200A7E6EA /* LaunchScreen.storyboard */ = {
			isa = PBXVariantGroup;
			children = (
				FCBF2FD7219A6DA200A7E6EA /* Base */,
			);
			name = LaunchScreen.storyboard;
			sourceTree = "<group>";
		};
/* End PBXVariantGroup section */

/* Begin XCBuildConfiguration section */
		FCBF2FDA219A6DA200A7E6EA /* Debug */ = {
			isa = XCBuildConfiguration;
			buildSettings = {
				ALWAYS_SEARCH_USER_PATHS = NO;
				CLANG_ANALYZER_NONNULL = YES;
				CLANG_ANALYZER_NUMBER_OBJECT_CONVERSION = YES_AGGRESSIVE;
				CLANG_CXX_LANGUAGE_STANDARD = "gnu++14";
				CLANG_CXX_LIBRARY = "libc++";
				CLANG_ENABLE_MODULES = YES;
				CLANG_ENABLE_OBJC_ARC = YES;
				CLANG_ENABLE_OBJC_WEAK = YES;
				CLANG_WARN_BLOCK_CAPTURE_AUTORELEASING = YES;
				CLANG_WARN_BOOL_CONVERSION = YES;
				CLANG_WARN_COMMA = YES;
				CLANG_WARN_CONSTANT_CONVERSION = YES;
				CLANG_WARN_DEPRECATED_OBJC_IMPLEMENTATIONS = YES;
				CLANG_WARN_DIRECT_OBJC_ISA_USAGE = YES_ERROR;
				CLANG_WARN_DOCUMENTATION_COMMENTS = YES;
				CLANG_WARN_EMPTY_BODY = YES;
				CLANG_WARN_ENUM_CONVERSION = YES;
				CLANG_WARN_INFINITE_RECURSION = YES;
				CLANG_WARN_INT_CONVERSION = YES;
				CLANG_WARN_NON_LITERAL_NULL_CONVERSION = YES;
				CLANG_WARN_OBJC_IMPLICIT_RETAIN_SELF = YES;
				CLANG_WARN_OBJC_LITERAL_CONVERSION = YES;
				CLANG_WARN_OBJC_ROOT_CLASS = YES_ERROR;
				CLANG_WARN_RANGE_LOOP_ANALYSIS = YES;
				CLANG_WARN_STRICT_PROTOTYPES = YES;
				CLANG_WARN_SUSPICIOUS_MOVE = YES;
				CLANG_WARN_UNGUARDED_AVAILABILITY = YES_AGGRESSIVE;
				CLANG_WARN_UNREACHABLE_CODE = YES;
				CLANG_WARN__DUPLICATE_METHOD_MATCH = YES;
				CODE_SIGN_IDENTITY = "iPhone Developer";
				COPY_PHASE_STRIP = NO;
				DEBUG_INFORMATION_FORMAT = dwarf;
				ENABLE_STRICT_OBJC_MSGSEND = YES;
				ENABLE_TESTABILITY = YES;
				GCC_C_LANGUAGE_STANDARD = gnu11;
				GCC_DYNAMIC_NO_PIC = NO;
				GCC_NO_COMMON_BLOCKS = YES;
				GCC_OPTIMIZATION_LEVEL = 0;
				GCC_PREPROCESSOR_DEFINITIONS = (
					"DEBUG=1",
					"$(inherited)",
				);
				GCC_WARN_64_TO_32_BIT_CONVERSION = YES;
				GCC_WARN_ABOUT_RETURN_TYPE = YES_ERROR;
				GCC_WARN_UNDECLARED_SELECTOR = YES;
				GCC_WARN_UNINITIALIZED_AUTOS = YES_AGGRESSIVE;
				GCC_WARN_UNUSED_FUNCTION = YES;
				GCC_WARN_UNUSED_VARIABLE = YES;
				IPHONEOS_DEPLOYMENT_TARGET = 12.1;
				MTL_ENABLE_DEBUG_INFO = INCLUDE_SOURCE;
				MTL_FAST_MATH = YES;
				ONLY_ACTIVE_ARCH = YES;
				SDKROOT = iphoneos;
				SWIFT_ACTIVE_COMPILATION_CONDITIONS = DEBUG;
				SWIFT_OPTIMIZATION_LEVEL = "-Onone";
			};
			name = Debug;
		};
		FCBF2FDB219A6DA200A7E6EA /* Release */ = {
			isa = XCBuildConfiguration;
			buildSettings = {
				ALWAYS_SEARCH_USER_PATHS = NO;
				CLANG_ANALYZER_NONNULL = YES;
				CLANG_ANALYZER_NUMBER_OBJECT_CONVERSION = YES_AGGRESSIVE;
				CLANG_CXX_LANGUAGE_STANDARD = "gnu++14";
				CLANG_CXX_LIBRARY = "libc++";
				CLANG_ENABLE_MODULES = YES;
				CLANG_ENABLE_OBJC_ARC = YES;
				CLANG_ENABLE_OBJC_WEAK = YES;
				CLANG_WARN_BLOCK_CAPTURE_AUTORELEASING = YES;
				CLANG_WARN_BOOL_CONVERSION = YES;
				CLANG_WARN_COMMA = YES;
				CLANG_WARN_CONSTANT_CONVERSION = YES;
				CLANG_WARN_DEPRECATED_OBJC_IMPLEMENTATIONS = YES;
				CLANG_WARN_DIRECT_OBJC_ISA_USAGE = YES_ERROR;
				CLANG_WARN_DOCUMENTATION_COMMENTS = YES;
				CLANG_WARN_EMPTY_BODY = YES;
				CLANG_WARN_ENUM_CONVERSION = YES;
				CLANG_WARN_INFINITE_RECURSION = YES;
				CLANG_WARN_INT_CONVERSION = YES;
				CLANG_WARN_NON_LITERAL_NULL_CONVERSION = YES;
				CLANG_WARN_OBJC_IMPLICIT_RETAIN_SELF = YES;
				CLANG_WARN_OBJC_LITERAL_CONVERSION = YES;
				CLANG_WARN_OBJC_ROOT_CLASS = YES_ERROR;
				CLANG_WARN_RANGE_LOOP_ANALYSIS = YES;
				CLANG_WARN_STRICT_PROTOTYPES = YES;
				CLANG_WARN_SUSPICIOUS_MOVE = YES;
				CLANG_WARN_UNGUARDED_AVAILABILITY = YES_AGGRESSIVE;
				CLANG_WARN_UNREACHABLE_CODE = YES;
				CLANG_WARN__DUPLICATE_METHOD_MATCH = YES;
				CODE_SIGN_IDENTITY = "iPhone Developer";
				COPY_PHASE_STRIP = NO;
				DEBUG_INFORMATION_FORMAT = "dwarf-with-dsym";
				ENABLE_NS_ASSERTIONS = NO;
				ENABLE_STRICT_OBJC_MSGSEND = YES;
				GCC_C_LANGUAGE_STANDARD = gnu11;
				GCC_NO_COMMON_BLOCKS = YES;
				GCC_WARN_64_TO_32_BIT_CONVERSION = YES;
				GCC_WARN_ABOUT_RETURN_TYPE = YES_ERROR;
				GCC_WARN_UNDECLARED_SELECTOR = YES;
				GCC_WARN_UNINITIALIZED_AUTOS = YES_AGGRESSIVE;
				GCC_WARN_UNUSED_FUNCTION = YES;
				GCC_WARN_UNUSED_VARIABLE = YES;
				IPHONEOS_DEPLOYMENT_TARGET = 12.1;
				MTL_ENABLE_DEBUG_INFO = NO;
				MTL_FAST_MATH = YES;
				SDKROOT = iphoneos;
				SWIFT_COMPILATION_MODE = wholemodule;
				SWIFT_OPTIMIZATION_LEVEL = "-O";
				VALIDATE_PRODUCT = YES;
			};
			name = Release;
		};
		FCBF2FDD219A6DA200A7E6EA /* Debug */ = {
			isa = XCBuildConfiguration;
			buildSettings = {
				ASSETCATALOG_COMPILER_APPICON_NAME = AppIcon;
				CODE_SIGN_STYLE = Automatic;
				DEVELOPMENT_TEAM = KQ26269MD7;
				INFOPLIST_FILE = TestGitHubSwiftV1/Info.plist;
				LD_RUNPATH_SEARCH_PATHS = (
					"$(inherited)",
					"@executable_path/Frameworks",
				);
				PRODUCT_BUNDLE_IDENTIFIER = com.jmoodysr.TestGitHubSwiftV1;
				PRODUCT_NAME = "$(TARGET_NAME)";
				SWIFT_VERSION = 4.2;
				TARGETED_DEVICE_FAMILY = "1,2";
			};
			name = Debug;
		};
		FCBF2FDE219A6DA200A7E6EA /* Release */ = {
			isa = XCBuildConfiguration;
			buildSettings = {
				ASSETCATALOG_COMPILER_APPICON_NAME = AppIcon;
				CODE_SIGN_STYLE = Automatic;
				DEVELOPMENT_TEAM = KQ26269MD7;
				INFOPLIST_FILE = TestGitHubSwiftV1/Info.plist;
				LD_RUNPATH_SEARCH_PATHS = (
					"$(inherited)",
					"@executable_path/Frameworks",
				);
				PRODUCT_BUNDLE_IDENTIFIER = com.jmoodysr.TestGitHubSwiftV1;
				PRODUCT_NAME = "$(TARGET_NAME)";
				SWIFT_VERSION = 4.2;
				TARGETED_DEVICE_FAMILY = "1,2";
			};
			name = Release;
		};
/* End XCBuildConfiguration section */

/* Begin XCConfigurationList section */
		FCBF2FC2219A6DA000A7E6EA /* Build configuration list for PBXProject "TestGitHubSwiftV1" */ = {
			isa = XCConfigurationList;
			buildConfigurations = (
				FCBF2FDA219A6DA200A7E6EA /* Debug */,
				FCBF2FDB219A6DA200A7E6EA /* Release */,
			);
			defaultConfigurationIsVisible = 0;
			defaultConfigurationName = Release;
		};
		FCBF2FDC219A6DA200A7E6EA /* Build configuration list for PBXNativeTarget "TestGitHubSwiftV1" */ = {
			isa = XCConfigurationList;
			buildConfigurations = (
				FCBF2FDD219A6DA200A7E6EA /* Debug */,
				FCBF2FDE219A6DA200A7E6EA /* Release */,
			);
			defaultConfigurationIsVisible = 0;
			defaultConfigurationName = Release;
		};
/* End XCConfigurationList section */

/* Begin XCVersionGroup section */
		FCBF2FD1219A6DA000A7E6EA /* TestGitHubSwiftV1.xcdatamodeld */ = {
			isa = XCVersionGroup;
			children = (
				FCBF2FD2219A6DA000A7E6EA /* TestGitHubSwiftV1.xcdatamodel */,
			);
			currentVersion = FCBF2FD2219A6DA000A7E6EA /* TestGitHubSwiftV1.xcdatamodel */;
			path = TestGitHubSwiftV1.xcdatamodeld;
			sourceTree = "<group>";
			versionGroupType = wrapper.xcdatamodel;
		};
/* End XCVersionGroup section */
	};
	rootObject = FCBF2FBF219A6DA000A7E6EA /* Project object */;
}
